
Microsoft Visual Studio Solution File, Format Version 12.00
# Visual Studio 14
VisualStudioVersion = 14.0.25420.1
MinimumVisualStudioVersion = 10.0.40219.1
Project("{FAE04EC0-301F-11D3-BF4B-00C04F79EFBC}") = "SendMessageQueue", "SendMessageQueue\SendMessageQueue.csproj", "{009CBD44-7C89-48E0-B8D5-7992E2C3E714}"
EndProject
Project("{FAE04EC0-301F-11D3-BF4B-00C04F79EFBC}") = "ReceiveMessageQueue", "ReceiveMessageQueue\ReceiveMessageQueue.csproj", "{888AE6FA-C7F5-4DE4-B0A6-5678157861DC}"
EndProject
Global
	GlobalSection(SolutionConfigurationPlatforms) = preSolution
		Debug|Any CPU = Debug|Any CPU
		Release|Any CPU = Release|Any CPU
	EndGlobalSection
	GlobalSection(ProjectConfigurationPlatforms) = postSolution
		{009CBD44-7C89-48E0-B8D5-7992E2C3E714}.Debug|Any CPU.ActiveCfg = Debug|Any CPU
		{009CBD44-7C89-48E0-B8D5-7992E2C3E714}.Debug|Any CPU.Build.0 = Debug|Any CPU
		{009CBD44-7C89-48E0-B8D5-7992E2C3E714}.Release|Any CPU.ActiveCfg = Release|Any CPU
		{009CBD44-7C89-48E0-B8D5-7992E2C3E714}.Release|Any CPU.Build.0 = Release|Any CPU
		{888AE6FA-C7F5-4DE4-B0A6-5678157861DC}.Debug|Any CPU.ActiveCfg = Debug|Any CPU
		{888AE6FA-C7F5-4DE4-B0A6-5678157861DC}.Debug|Any CPU.Build.0 = Debug|Any CPU
		{888AE6FA-C7F5-4DE4-B0A6-5678157861DC}.Release|Any CPU.ActiveCfg = Release|Any CPU
		{888AE6FA-C7F5-4DE4-B0A6-5678157861DC}.Release|Any CPU.Build.0 = Release|Any CPU
	EndGlobalSection
	GlobalSection(SolutionProperties) = preSolution
		HideSolutionNode = FALSE
	EndGlobalSection
EndGlobal
